// !$*UTF8*$!
{
	archiveVersion = 1;
	classes = {
	};
	objectVersion = 52;
	objects = {

/* Begin PBXBuildFile section */
		9758A4C62306D5B9002BB114 /* CustomBottomBar.swift in Sources */ = {isa = PBXBuildFile; fileRef = 9758A4C52306D5B9002BB114 /* CustomBottomBar.swift */; };
		97939734230D21DD00D4A1E6 /* DynamicValue.swift in Sources */ = {isa = PBXBuildFile; fileRef = 97939733230D21DD00D4A1E6 /* DynamicValue.swift */; };
		97A0AF1C23041D79002E7D64 /* AppDelegate.swift in Sources */ = {isa = PBXBuildFile; fileRef = 97A0AF1B23041D79002E7D64 /* AppDelegate.swift */; };
		97A0AF1E23041D79002E7D64 /* MainVC.swift in Sources */ = {isa = PBXBuildFile; fileRef = 97A0AF1D23041D79002E7D64 /* MainVC.swift */; };
		97A0AF2123041D79002E7D64 /* Main.storyboard in Resources */ = {isa = PBXBuildFile; fileRef = 97A0AF1F23041D79002E7D64 /* Main.storyboard */; };
		97A0AF2323041D7A002E7D64 /* Assets.xcassets in Resources */ = {isa = PBXBuildFile; fileRef = 97A0AF2223041D7A002E7D64 /* Assets.xcassets */; };
		97A0AF2623041D7A002E7D64 /* LaunchScreen.storyboard in Resources */ = {isa = PBXBuildFile; fileRef = 97A0AF2423041D7A002E7D64 /* LaunchScreen.storyboard */; };
		97A46F9A2304200D00C931D2 /* DraggableVC.swift in Sources */ = {isa = PBXBuildFile; fileRef = 97A46F992304200D00C931D2 /* DraggableVC.swift */; };
		97C9FC3C230D585C00033545 /* FSPagerViewCell.swift in Sources */ = {isa = PBXBuildFile; fileRef = 97C9FC33230D585B00033545 /* FSPagerViewCell.swift */; };
		97C9FC3E230D585C00033545 /* FSPageViewLayout.swift in Sources */ = {isa = PBXBuildFile; fileRef = 97C9FC36230D585B00033545 /* FSPageViewLayout.swift */; };
		97C9FC3F230D585C00033545 /* FSPagerCollectionView.swift in Sources */ = {isa = PBXBuildFile; fileRef = 97C9FC37230D585C00033545 /* FSPagerCollectionView.swift */; };
		97C9FC40230D585C00033545 /* FSPageControl.swift in Sources */ = {isa = PBXBuildFile; fileRef = 97C9FC38230D585C00033545 /* FSPageControl.swift */; };
		97C9FC41230D585C00033545 /* FSPagerView.swift in Sources */ = {isa = PBXBuildFile; fileRef = 97C9FC39230D585C00033545 /* FSPagerView.swift */; };
		97C9FC42230D585C00033545 /* FSPageViewTransformer.swift in Sources */ = {isa = PBXBuildFile; fileRef = 97C9FC3A230D585C00033545 /* FSPageViewTransformer.swift */; };
		97C9FC43230D585C00033545 /* FSPagerViewLayoutAttributes.swift in Sources */ = {isa = PBXBuildFile; fileRef = 97C9FC3B230D585C00033545 /* FSPagerViewLayoutAttributes.swift */; };
		97C9FC48230D649C00033545 /* MusicControlView.xib in Resources */ = {isa = PBXBuildFile; fileRef = 97C9FC47230D649C00033545 /* MusicControlView.xib */; };
		97C9FC4A230D650000033545 /* MusicControlView.swift in Sources */ = {isa = PBXBuildFile; fileRef = 97C9FC49230D650000033545 /* MusicControlView.swift */; };
		97D7509B230E6A10008A4C9F /* Reachability.swift in Sources */ = {isa = PBXBuildFile; fileRef = 97D75098230E6A10008A4C9F /* Reachability.swift */; };
		97D7509C230E6A10008A4C9F /* ILRadioAPI.swift in Sources */ = {isa = PBXBuildFile; fileRef = 97D75099230E6A10008A4C9F /* ILRadioAPI.swift */; };
		97D7509D230E6A10008A4C9F /* ILRadioPlayer.swift in Sources */ = {isa = PBXBuildFile; fileRef = 97D7509A230E6A10008A4C9F /* ILRadioPlayer.swift */; };
		97D750A1230E8255008A4C9F /* PlaylistHelper.swift in Sources */ = {isa = PBXBuildFile; fileRef = 97D750A0230E8255008A4C9F /* PlaylistHelper.swift */; };
		97D750A3230E98A1008A4C9F /* MusicPlayer.swift in Sources */ = {isa = PBXBuildFile; fileRef = 97D750A2230E98A1008A4C9F /* MusicPlayer.swift */; };
		97D9D3C32313FFC8007A48E1 /* MulticastDelegate.swift in Sources */ = {isa = PBXBuildFile; fileRef = 97D9D3C22313FFC8007A48E1 /* MulticastDelegate.swift */; };
		97E264CC230BE051001F1DB5 /* MarqueeLabel.swift in Sources */ = {isa = PBXBuildFile; fileRef = 97E264CB230BE051001F1DB5 /* MarqueeLabel.swift */; };
		97E264CE230BE05B001F1DB5 /* NoReturnAnimation.swift in Sources */ = {isa = PBXBuildFile; fileRef = 97E264CD230BE05B001F1DB5 /* NoReturnAnimation.swift */; };
		97E264D0230BE063001F1DB5 /* SingleShotOffscreenLabel.swift in Sources */ = {isa = PBXBuildFile; fileRef = 97E264CF230BE063001F1DB5 /* SingleShotOffscreenLabel.swift */; };
		97E264DA230C27AB001F1DB5 /* MusicData.swift in Sources */ = {isa = PBXBuildFile; fileRef = 97E264D9230C27AB001F1DB5 /* MusicData.swift */; };
		97E264DC230C3005001F1DB5 /* MusicDataViewModel.swift in Sources */ = {isa = PBXBuildFile; fileRef = 97E264DB230C3005001F1DB5 /* MusicDataViewModel.swift */; };
		F9A66CCA27076ADF00A3B26E /* LNPopupController in Frameworks */ = {isa = PBXBuildFile; productRef = F9A66CC927076ADF00A3B26E /* LNPopupController */; };
		F9A66CCB27076ADF00A3B26E /* LNPopupController in Embed Frameworks */ = {isa = PBXBuildFile; productRef = F9A66CC927076ADF00A3B26E /* LNPopupController */; settings = {ATTRIBUTES = (CodeSignOnCopy, ); }; };
/* End PBXBuildFile section */

/* Begin PBXCopyFilesBuildPhase section */
		9758A4BA23068A89002BB114 /* Embed Frameworks */ = {
			isa = PBXCopyFilesBuildPhase;
			buildActionMask = 2147483647;
			dstPath = "";
			dstSubfolderSpec = 10;
			files = (
				F9A66CCB27076ADF00A3B26E /* LNPopupController in Embed Frameworks */,
			);
			name = "Embed Frameworks";
			runOnlyForDeploymentPostprocessing = 0;
		};
/* End PBXCopyFilesBuildPhase section */

/* Begin PBXFileReference section */
		9758A4B623068A72002BB114 /* LNPopupController.framework */ = {isa = PBXFileReference; lastKnownFileType = wrapper.framework; name = LNPopupController.framework; path = Carthage/Build/iOS/LNPopupController.framework; sourceTree = "<group>"; };
		9758A4C52306D5B9002BB114 /* CustomBottomBar.swift */ = {isa = PBXFileReference; lastKnownFileType = sourcecode.swift; path = CustomBottomBar.swift; sourceTree = "<group>"; };
		97939733230D21DD00D4A1E6 /* DynamicValue.swift */ = {isa = PBXFileReference; lastKnownFileType = sourcecode.swift; path = DynamicValue.swift; sourceTree = "<group>"; };
		97A0AF1823041D79002E7D64 /* DragabbleViewController.app */ = {isa = PBXFileReference; explicitFileType = wrapper.application; includeInIndex = 0; path = DragabbleViewController.app; sourceTree = BUILT_PRODUCTS_DIR; };
		97A0AF1B23041D79002E7D64 /* AppDelegate.swift */ = {isa = PBXFileReference; lastKnownFileType = sourcecode.swift; path = AppDelegate.swift; sourceTree = "<group>"; };
		97A0AF1D23041D79002E7D64 /* MainVC.swift */ = {isa = PBXFileReference; lastKnownFileType = sourcecode.swift; path = MainVC.swift; sourceTree = "<group>"; };
		97A0AF2023041D79002E7D64 /* Base */ = {isa = PBXFileReference; lastKnownFileType = file.storyboard; name = Base; path = Base.lproj/Main.storyboard; sourceTree = "<group>"; };
		97A0AF2223041D7A002E7D64 /* Assets.xcassets */ = {isa = PBXFileReference; lastKnownFileType = folder.assetcatalog; path = Assets.xcassets; sourceTree = "<group>"; };
		97A0AF2523041D7A002E7D64 /* Base */ = {isa = PBXFileReference; lastKnownFileType = file.storyboard; name = Base; path = Base.lproj/LaunchScreen.storyboard; sourceTree = "<group>"; };
		97A0AF2723041D7A002E7D64 /* Info.plist */ = {isa = PBXFileReference; lastKnownFileType = text.plist.xml; path = Info.plist; sourceTree = "<group>"; };
		97A46F992304200D00C931D2 /* DraggableVC.swift */ = {isa = PBXFileReference; lastKnownFileType = sourcecode.swift; path = DraggableVC.swift; sourceTree = "<group>"; };
		97C9FC33230D585B00033545 /* FSPagerViewCell.swift */ = {isa = PBXFileReference; fileEncoding = 4; lastKnownFileType = sourcecode.swift; path = FSPagerViewCell.swift; sourceTree = "<group>"; };
		97C9FC36230D585B00033545 /* FSPageViewLayout.swift */ = {isa = PBXFileReference; fileEncoding = 4; lastKnownFileType = sourcecode.swift; path = FSPageViewLayout.swift; sourceTree = "<group>"; };
		97C9FC37230D585C00033545 /* FSPagerCollectionView.swift */ = {isa = PBXFileReference; fileEncoding = 4; lastKnownFileType = sourcecode.swift; path = FSPagerCollectionView.swift; sourceTree = "<group>"; };
		97C9FC38230D585C00033545 /* FSPageControl.swift */ = {isa = PBXFileReference; fileEncoding = 4; lastKnownFileType = sourcecode.swift; path = FSPageControl.swift; sourceTree = "<group>"; };
		97C9FC39230D585C00033545 /* FSPagerView.swift */ = {isa = PBXFileReference; fileEncoding = 4; lastKnownFileType = sourcecode.swift; path = FSPagerView.swift; sourceTree = "<group>"; };
		97C9FC3A230D585C00033545 /* FSPageViewTransformer.swift */ = {isa = PBXFileReference; fileEncoding = 4; lastKnownFileType = sourcecode.swift; path = FSPageViewTransformer.swift; sourceTree = "<group>"; };
		97C9FC3B230D585C00033545 /* FSPagerViewLayoutAttributes.swift */ = {isa = PBXFileReference; fileEncoding = 4; lastKnownFileType = sourcecode.swift; path = FSPagerViewLayoutAttributes.swift; sourceTree = "<group>"; };
		97C9FC47230D649C00033545 /* MusicControlView.xib */ = {isa = PBXFileReference; lastKnownFileType = file.xib; path = MusicControlView.xib; sourceTree = "<group>"; };
		97C9FC49230D650000033545 /* MusicControlView.swift */ = {isa = PBXFileReference; lastKnownFileType = sourcecode.swift; path = MusicControlView.swift; sourceTree = "<group>"; };
		97D75098230E6A10008A4C9F /* Reachability.swift */ = {isa = PBXFileReference; fileEncoding = 4; lastKnownFileType = sourcecode.swift; path = Reachability.swift; sourceTree = "<group>"; };
		97D75099230E6A10008A4C9F /* ILRadioAPI.swift */ = {isa = PBXFileReference; fileEncoding = 4; lastKnownFileType = sourcecode.swift; path = ILRadioAPI.swift; sourceTree = "<group>"; };
		97D7509A230E6A10008A4C9F /* ILRadioPlayer.swift */ = {isa = PBXFileReference; fileEncoding = 4; lastKnownFileType = sourcecode.swift; path = ILRadioPlayer.swift; sourceTree = "<group>"; };
		97D750A0230E8255008A4C9F /* PlaylistHelper.swift */ = {isa = PBXFileReference; lastKnownFileType = sourcecode.swift; path = PlaylistHelper.swift; sourceTree = "<group>"; };
		97D750A2230E98A1008A4C9F /* MusicPlayer.swift */ = {isa = PBXFileReference; lastKnownFileType = sourcecode.swift; path = MusicPlayer.swift; sourceTree = "<group>"; };
		97D9D3C22313FFC8007A48E1 /* MulticastDelegate.swift */ = {isa = PBXFileReference; lastKnownFileType = sourcecode.swift; path = MulticastDelegate.swift; sourceTree = "<group>"; };
		97E264CB230BE051001F1DB5 /* MarqueeLabel.swift */ = {isa = PBXFileReference; fileEncoding = 4; lastKnownFileType = sourcecode.swift; path = MarqueeLabel.swift; sourceTree = "<group>"; };
		97E264CD230BE05B001F1DB5 /* NoReturnAnimation.swift */ = {isa = PBXFileReference; fileEncoding = 4; lastKnownFileType = sourcecode.swift; path = NoReturnAnimation.swift; sourceTree = "<group>"; };
		97E264CF230BE063001F1DB5 /* SingleShotOffscreenLabel.swift */ = {isa = PBXFileReference; fileEncoding = 4; lastKnownFileType = sourcecode.swift; path = SingleShotOffscreenLabel.swift; sourceTree = "<group>"; };
		97E264D9230C27AB001F1DB5 /* MusicData.swift */ = {isa = PBXFileReference; lastKnownFileType = sourcecode.swift; path = MusicData.swift; sourceTree = "<group>"; };
		97E264DB230C3005001F1DB5 /* MusicDataViewModel.swift */ = {isa = PBXFileReference; lastKnownFileType = sourcecode.swift; path = MusicDataViewModel.swift; sourceTree = "<group>"; };
/* End PBXFileReference section */

/* Begin PBXFrameworksBuildPhase section */
		97A0AF1523041D79002E7D64 /* Frameworks */ = {
			isa = PBXFrameworksBuildPhase;
			buildActionMask = 2147483647;
			files = (
				F9A66CCA27076ADF00A3B26E /* LNPopupController in Frameworks */,
			);
			runOnlyForDeploymentPostprocessing = 0;
		};
/* End PBXFrameworksBuildPhase section */

/* Begin PBXGroup section */
		9758A4B523068A72002BB114 /* Frameworks */ = {
			isa = PBXGroup;
			children = (
				9758A4B623068A72002BB114 /* LNPopupController.framework */,
			);
			name = Frameworks;
			sourceTree = "<group>";
		};
		9758A4BC2306C2A9002BB114 /* Custom PopupBar */ = {
			isa = PBXGroup;
			children = (
				9758A4C52306D5B9002BB114 /* CustomBottomBar.swift */,
			);
			path = "Custom PopupBar";
			sourceTree = "<group>";
		};
		97939730230D21AD00D4A1E6 /* Model */ = {
			isa = PBXGroup;
			children = (
				97939733230D21DD00D4A1E6 /* DynamicValue.swift */,
				97D9D3C22313FFC8007A48E1 /* MulticastDelegate.swift */,
			);
			path = Model;
			sourceTree = "<group>";
		};
		97939735230D2D8200D4A1E6 /* View Model */ = {
			isa = PBXGroup;
			children = (
				97E264DB230C3005001F1DB5 /* MusicDataViewModel.swift */,
			);
			path = "View Model";
			sourceTree = "<group>";
		};
		97A0AF0F23041D79002E7D64 = {
			isa = PBXGroup;
			children = (
				97A0AF1A23041D79002E7D64 /* DragabbleViewController */,
				97A0AF1923041D79002E7D64 /* Products */,
				9758A4B523068A72002BB114 /* Frameworks */,
			);
			sourceTree = "<group>";
		};
		97A0AF1923041D79002E7D64 /* Products */ = {
			isa = PBXGroup;
			children = (
				97A0AF1823041D79002E7D64 /* DragabbleViewController.app */,
			);
			name = Products;
			sourceTree = "<group>";
		};
		97A0AF1A23041D79002E7D64 /* DragabbleViewController */ = {
			isa = PBXGroup;
			children = (
				97A0AF1B23041D79002E7D64 /* AppDelegate.swift */,
				9758A4BC2306C2A9002BB114 /* Custom PopupBar */,
				97A46F9823041FE100C931D2 /* ViewController */,
				97E28CCF230BCAF000EB0385 /* Data */,
				97C9FC46230D627600033545 /* View */,
				97939730230D21AD00D4A1E6 /* Model */,
				97939735230D2D8200D4A1E6 /* View Model */,
				97A0AF1F23041D79002E7D64 /* Main.storyboard */,
				97A0AF2223041D7A002E7D64 /* Assets.xcassets */,
				97A0AF2423041D7A002E7D64 /* LaunchScreen.storyboard */,
				97A0AF2723041D7A002E7D64 /* Info.plist */,
				97D7509F230E80B8008A4C9F /* Music Player Library */,
				97D75097230E69E5008A4C9F /* ILRadioPlayer */,
				97E264D1230BE072001F1DB5 /* MarqueeLabel */,
				97C9FC31230D57E300033545 /* FSPageControl */,
			);
			path = DragabbleViewController;
			sourceTree = "<group>";
		};
		97A46F9823041FE100C931D2 /* ViewController */ = {
			isa = PBXGroup;
			children = (
				97A0AF1D23041D79002E7D64 /* MainVC.swift */,
				97A46F992304200D00C931D2 /* DraggableVC.swift */,
			);
			path = ViewController;
			sourceTree = "<group>";
		};
		97C9FC31230D57E300033545 /* FSPageControl */ = {
			isa = PBXGroup;
			children = (
				97C9FC38230D585C00033545 /* FSPageControl.swift */,
				97C9FC37230D585C00033545 /* FSPagerCollectionView.swift */,
				97C9FC39230D585C00033545 /* FSPagerView.swift */,
				97C9FC33230D585B00033545 /* FSPagerViewCell.swift */,
				97C9FC3B230D585C00033545 /* FSPagerViewLayoutAttributes.swift */,
				97C9FC36230D585B00033545 /* FSPageViewLayout.swift */,
				97C9FC3A230D585C00033545 /* FSPageViewTransformer.swift */,
			);
			path = FSPageControl;
			sourceTree = "<group>";
		};
		97C9FC46230D627600033545 /* View */ = {
			isa = PBXGroup;
			children = (
				97C9FC49230D650000033545 /* MusicControlView.swift */,
				97C9FC47230D649C00033545 /* MusicControlView.xib */,
			);
			path = View;
			sourceTree = "<group>";
		};
		97D75097230E69E5008A4C9F /* ILRadioPlayer */ = {
			isa = PBXGroup;
			children = (
				97D75099230E6A10008A4C9F /* ILRadioAPI.swift */,
				97D7509A230E6A10008A4C9F /* ILRadioPlayer.swift */,
				97D75098230E6A10008A4C9F /* Reachability.swift */,
			);
			path = ILRadioPlayer;
			sourceTree = "<group>";
		};
		97D7509F230E80B8008A4C9F /* Music Player Library */ = {
			isa = PBXGroup;
			children = (
				97D750A0230E8255008A4C9F /* PlaylistHelper.swift */,
				97D750A2230E98A1008A4C9F /* MusicPlayer.swift */,
			);
			path = "Music Player Library";
			sourceTree = "<group>";
		};
		97E264D1230BE072001F1DB5 /* MarqueeLabel */ = {
			isa = PBXGroup;
			children = (
				97E264CB230BE051001F1DB5 /* MarqueeLabel.swift */,
				97E264CD230BE05B001F1DB5 /* NoReturnAnimation.swift */,
				97E264CF230BE063001F1DB5 /* SingleShotOffscreenLabel.swift */,
			);
			path = MarqueeLabel;
			sourceTree = "<group>";
		};
		97E28CCF230BCAF000EB0385 /* Data */ = {
			isa = PBXGroup;
			children = (
				97E264D9230C27AB001F1DB5 /* MusicData.swift */,
			);
			path = Data;
			sourceTree = "<group>";
		};
/* End PBXGroup section */

/* Begin PBXNativeTarget section */
		97A0AF1723041D79002E7D64 /* DragabbleViewController */ = {
			isa = PBXNativeTarget;
			buildConfigurationList = 97A0AF2A23041D7A002E7D64 /* Build configuration list for PBXNativeTarget "DragabbleViewController" */;
			buildPhases = (
				97A0AF1423041D79002E7D64 /* Sources */,
				97A0AF1523041D79002E7D64 /* Frameworks */,
				97A0AF1623041D79002E7D64 /* Resources */,
				9758A4B423068995002BB114 /* ShellScript */,
				9758A4BA23068A89002BB114 /* Embed Frameworks */,
			);
			buildRules = (
			);
			dependencies = (
			);
			name = DragabbleViewController;
			packageProductDependencies = (
				F9A66CC927076ADF00A3B26E /* LNPopupController */,
			);
			productName = DragabbleViewController;
			productReference = 97A0AF1823041D79002E7D64 /* DragabbleViewController.app */;
			productType = "com.apple.product-type.application";
		};
/* End PBXNativeTarget section */

/* Begin PBXProject section */
		97A0AF1023041D79002E7D64 /* Project object */ = {
			isa = PBXProject;
			attributes = {
				LastSwiftUpdateCheck = 1030;
				LastUpgradeCheck = 1250;
				ORGANIZATIONNAME = "Kedar Sukerkar";
				TargetAttributes = {
					97A0AF1723041D79002E7D64 = {
						CreatedOnToolsVersion = 10.3;
						LastSwiftMigration = 1030;
						SystemCapabilities = {
							com.apple.AccessWiFi = {
								enabled = 0;
							};
							com.apple.BackgroundModes = {
								enabled = 1;
							};
						};
					};
				};
			};
			buildConfigurationList = 97A0AF1323041D79002E7D64 /* Build configuration list for PBXProject "DragabbleViewController" */;
			compatibilityVersion = "Xcode 9.3";
			developmentRegion = en;
			hasScannedForEncodings = 0;
			knownRegions = (
				en,
				Base,
			);
			mainGroup = 97A0AF0F23041D79002E7D64;
			packageReferences = (
				F9A66CC827076ADF00A3B26E /* XCRemoteSwiftPackageReference "LNPopupController" */,
			);
			productRefGroup = 97A0AF1923041D79002E7D64 /* Products */;
			projectDirPath = "";
			projectRoot = "";
			targets = (
				97A0AF1723041D79002E7D64 /* DragabbleViewController */,
			);
		};
/* End PBXProject section */

/* Begin PBXResourcesBuildPhase section */
		97A0AF1623041D79002E7D64 /* Resources */ = {
			isa = PBXResourcesBuildPhase;
			buildActionMask = 2147483647;
			files = (
				97A0AF2623041D7A002E7D64 /* LaunchScreen.storyboard in Resources */,
				97A0AF2323041D7A002E7D64 /* Assets.xcassets in Resources */,
				97C9FC48230D649C00033545 /* MusicControlView.xib in Resources */,
				97A0AF2123041D79002E7D64 /* Main.storyboard in Resources */,
			);
			runOnlyForDeploymentPostprocessing = 0;
		};
/* End PBXResourcesBuildPhase section */

/* Begin PBXShellScriptBuildPhase section */
		9758A4B423068995002BB114 /* ShellScript */ = {
			isa = PBXShellScriptBuildPhase;
			buildActionMask = 2147483647;
			files = (
			);
			inputFileListPaths = (
			);
			inputPaths = (
				"$(SRCROOT)/Carthage/Build/iOS/LNPopupController.framework",
			);
			outputFileListPaths = (
			);
			outputPaths = (
			);
			runOnlyForDeploymentPostprocessing = 0;
			shellPath = /bin/sh;
			shellScript = "# Type a script or drag a script file from your workspace to insert its path.\n#/usr/local/bin/carthage copy-frameworks\n";
		};
/* End PBXShellScriptBuildPhase section */

/* Begin PBXSourcesBuildPhase section */
		97A0AF1423041D79002E7D64 /* Sources */ = {
			isa = PBXSourcesBuildPhase;
			buildActionMask = 2147483647;
			files = (
				97E264DC230C3005001F1DB5 /* MusicDataViewModel.swift in Sources */,
				97D7509C230E6A10008A4C9F /* ILRadioAPI.swift in Sources */,
				97C9FC3E230D585C00033545 /* FSPageViewLayout.swift in Sources */,
				97D7509B230E6A10008A4C9F /* Reachability.swift in Sources */,
				97A0AF1E23041D79002E7D64 /* MainVC.swift in Sources */,
				97D750A3230E98A1008A4C9F /* MusicPlayer.swift in Sources */,
				97C9FC3F230D585C00033545 /* FSPagerCollectionView.swift in Sources */,
				97D7509D230E6A10008A4C9F /* ILRadioPlayer.swift in Sources */,
				97C9FC4A230D650000033545 /* MusicControlView.swift in Sources */,
				9758A4C62306D5B9002BB114 /* CustomBottomBar.swift in Sources */,
				97E264CC230BE051001F1DB5 /* MarqueeLabel.swift in Sources */,
				97D9D3C32313FFC8007A48E1 /* MulticastDelegate.swift in Sources */,
				97A0AF1C23041D79002E7D64 /* AppDelegate.swift in Sources */,
				97A46F9A2304200D00C931D2 /* DraggableVC.swift in Sources */,
				97E264DA230C27AB001F1DB5 /* MusicData.swift in Sources */,
				97939734230D21DD00D4A1E6 /* DynamicValue.swift in Sources */,
				97E264CE230BE05B001F1DB5 /* NoReturnAnimation.swift in Sources */,
				97E264D0230BE063001F1DB5 /* SingleShotOffscreenLabel.swift in Sources */,
				97C9FC3C230D585C00033545 /* FSPagerViewCell.swift in Sources */,
				97D750A1230E8255008A4C9F /* PlaylistHelper.swift in Sources */,
				97C9FC40230D585C00033545 /* FSPageControl.swift in Sources */,
				97C9FC42230D585C00033545 /* FSPageViewTransformer.swift in Sources */,
				97C9FC43230D585C00033545 /* FSPagerViewLayoutAttributes.swift in Sources */,
				97C9FC41230D585C00033545 /* FSPagerView.swift in Sources */,
			);
			runOnlyForDeploymentPostprocessing = 0;
		};
/* End PBXSourcesBuildPhase section */

/* Begin PBXVariantGroup section */
		97A0AF1F23041D79002E7D64 /* Main.storyboard */ = {
			isa = PBXVariantGroup;
			children = (
				97A0AF2023041D79002E7D64 /* Base */,
			);
			name = Main.storyboard;
			sourceTree = "<group>";
		};
		97A0AF2423041D7A002E7D64 /* LaunchScreen.storyboard */ = {
			isa = PBXVariantGroup;
			children = (
				97A0AF2523041D7A002E7D64 /* Base */,
			);
			name = LaunchScreen.storyboard;
			sourceTree = "<group>";
		};
/* End PBXVariantGroup section */

/* Begin XCBuildConfiguration section */
		97A0AF2823041D7A002E7D64 /* Debug */ = {
			isa = XCBuildConfiguration;
			buildSettings = {
				ALWAYS_SEARCH_USER_PATHS = NO;
				CLANG_ANALYZER_NONNULL = YES;
				CLANG_ANALYZER_NUMBER_OBJECT_CONVERSION = YES_AGGRESSIVE;
				CLANG_CXX_LANGUAGE_STANDARD = "gnu++14";
				CLANG_CXX_LIBRARY = "libc++";
				CLANG_ENABLE_MODULES = YES;
				CLANG_ENABLE_OBJC_ARC = YES;
				CLANG_ENABLE_OBJC_WEAK = YES;
				CLANG_WARN_BLOCK_CAPTURE_AUTORELEASING = YES;
				CLANG_WARN_BOOL_CONVERSION = YES;
				CLANG_WARN_COMMA = YES;
				CLANG_WARN_CONSTANT_CONVERSION = YES;
				CLANG_WARN_DEPRECATED_OBJC_IMPLEMENTATIONS = YES;
				CLANG_WARN_DIRECT_OBJC_ISA_USAGE = YES_ERROR;
				CLANG_WARN_DOCUMENTATION_COMMENTS = YES;
				CLANG_WARN_EMPTY_BODY = YES;
				CLANG_WARN_ENUM_CONVERSION = YES;
				CLANG_WARN_INFINITE_RECURSION = YES;
				CLANG_WARN_INT_CONVERSION = YES;
				CLANG_WARN_NON_LITERAL_NULL_CONVERSION = YES;
				CLANG_WARN_OBJC_IMPLICIT_RETAIN_SELF = YES;
				CLANG_WARN_OBJC_LITERAL_CONVERSION = YES;
				CLANG_WARN_OBJC_ROOT_CLASS = YES_ERROR;
				CLANG_WARN_QUOTED_INCLUDE_IN_FRAMEWORK_HEADER = YES;
				CLANG_WARN_RANGE_LOOP_ANALYSIS = YES;
				CLANG_WARN_STRICT_PROTOTYPES = YES;
				CLANG_WARN_SUSPICIOUS_MOVE = YES;
				CLANG_WARN_UNGUARDED_AVAILABILITY = YES_AGGRESSIVE;
				CLANG_WARN_UNREACHABLE_CODE = YES;
				CLANG_WARN__DUPLICATE_METHOD_MATCH = YES;
				CODE_SIGN_IDENTITY = "iPhone Developer";
				COPY_PHASE_STRIP = NO;
				DEBUG_INFORMATION_FORMAT = dwarf;
				ENABLE_STRICT_OBJC_MSGSEND = YES;
				ENABLE_TESTABILITY = YES;
				GCC_C_LANGUAGE_STANDARD = gnu11;
				GCC_DYNAMIC_NO_PIC = NO;
				GCC_NO_COMMON_BLOCKS = YES;
				GCC_OPTIMIZATION_LEVEL = 0;
				GCC_PREPROCESSOR_DEFINITIONS = (
					"DEBUG=1",
					"$(inherited)",
				);
				GCC_WARN_64_TO_32_BIT_CONVERSION = YES;
				GCC_WARN_ABOUT_RETURN_TYPE = YES_ERROR;
				GCC_WARN_UNDECLARED_SELECTOR = YES;
				GCC_WARN_UNINITIALIZED_AUTOS = YES_AGGRESSIVE;
				GCC_WARN_UNUSED_FUNCTION = YES;
				GCC_WARN_UNUSED_VARIABLE = YES;
				IPHONEOS_DEPLOYMENT_TARGET = 12.4;
				MTL_ENABLE_DEBUG_INFO = INCLUDE_SOURCE;
				MTL_FAST_MATH = YES;
				ONLY_ACTIVE_ARCH = YES;
				SDKROOT = iphoneos;
				SWIFT_ACTIVE_COMPILATION_CONDITIONS = DEBUG;
				SWIFT_OPTIMIZATION_LEVEL = "-Onone";
			};
			name = Debug;
		};
		97A0AF2923041D7A002E7D64 /* Release */ = {
			isa = XCBuildConfiguration;
			buildSettings = {
				ALWAYS_SEARCH_USER_PATHS = NO;
				CLANG_ANALYZER_NONNULL = YES;
				CLANG_ANALYZER_NUMBER_OBJECT_CONVERSION = YES_AGGRESSIVE;
				CLANG_CXX_LANGUAGE_STANDARD = "gnu++14";
				CLANG_CXX_LIBRARY = "libc++";
				CLANG_ENABLE_MODULES = YES;
				CLANG_ENABLE_OBJC_ARC = YES;
				CLANG_ENABLE_OBJC_WEAK = YES;
				CLANG_WARN_BLOCK_CAPTURE_AUTORELEASING = YES;
				CLANG_WARN_BOOL_CONVERSION = YES;
				CLANG_WARN_COMMA = YES;
				CLANG_WARN_CONSTANT_CONVERSION = YES;
				CLANG_WARN_DEPRECATED_OBJC_IMPLEMENTATIONS = YES;
				CLANG_WARN_DIRECT_OBJC_ISA_USAGE = YES_ERROR;
				CLANG_WARN_DOCUMENTATION_COMMENTS = YES;
				CLANG_WARN_EMPTY_BODY = YES;
				CLANG_WARN_ENUM_CONVERSION = YES;
				CLANG_WARN_INFINITE_RECURSION = YES;
				CLANG_WARN_INT_CONVERSION = YES;
				CLANG_WARN_NON_LITERAL_NULL_CONVERSION = YES;
				CLANG_WARN_OBJC_IMPLICIT_RETAIN_SELF = YES;
				CLANG_WARN_OBJC_LITERAL_CONVERSION = YES;
				CLANG_WARN_OBJC_ROOT_CLASS = YES_ERROR;
				CLANG_WARN_QUOTED_INCLUDE_IN_FRAMEWORK_HEADER = YES;
				CLANG_WARN_RANGE_LOOP_ANALYSIS = YES;
				CLANG_WARN_STRICT_PROTOTYPES = YES;
				CLANG_WARN_SUSPICIOUS_MOVE = YES;
				CLANG_WARN_UNGUARDED_AVAILABILITY = YES_AGGRESSIVE;
				CLANG_WARN_UNREACHABLE_CODE = YES;
				CLANG_WARN__DUPLICATE_METHOD_MATCH = YES;
				CODE_SIGN_IDENTITY = "iPhone Developer";
				COPY_PHASE_STRIP = NO;
				DEBUG_INFORMATION_FORMAT = "dwarf-with-dsym";
				ENABLE_NS_ASSERTIONS = NO;
				ENABLE_STRICT_OBJC_MSGSEND = YES;
				GCC_C_LANGUAGE_STANDARD = gnu11;
				GCC_NO_COMMON_BLOCKS = YES;
				GCC_WARN_64_TO_32_BIT_CONVERSION = YES;
				GCC_WARN_ABOUT_RETURN_TYPE = YES_ERROR;
				GCC_WARN_UNDECLARED_SELECTOR = YES;
				GCC_WARN_UNINITIALIZED_AUTOS = YES_AGGRESSIVE;
				GCC_WARN_UNUSED_FUNCTION = YES;
				GCC_WARN_UNUSED_VARIABLE = YES;
				IPHONEOS_DEPLOYMENT_TARGET = 12.4;
				MTL_ENABLE_DEBUG_INFO = NO;
				MTL_FAST_MATH = YES;
				SDKROOT = iphoneos;
				SWIFT_COMPILATION_MODE = wholemodule;
				SWIFT_OPTIMIZATION_LEVEL = "-O";
				VALIDATE_PRODUCT = YES;
			};
			name = Release;
		};
		97A0AF2B23041D7A002E7D64 /* Debug */ = {
			isa = XCBuildConfiguration;
			buildSettings = {
				ASSETCATALOG_COMPILER_APPICON_NAME = AppIcon;
				ASSETCATALOG_COMPILER_LAUNCHIMAGE_NAME = LaunchImage;
				CLANG_ENABLE_MODULES = YES;
				CODE_SIGN_STYLE = Automatic;
				DEVELOPMENT_TEAM = 36DYQ3B3G4;
				FRAMEWORK_SEARCH_PATHS = (
					"$(inherited)",
					"$(PROJECT_DIR)/Carthage/Build/iOS",
				);
				INFOPLIST_FILE = DragabbleViewController/Info.plist;
				IPHONEOS_DEPLOYMENT_TARGET = 13.0;
				LD_RUNPATH_SEARCH_PATHS = (
					"$(inherited)",
					"@executable_path/Frameworks",
				);
				PRODUCT_BUNDLE_IDENTIFIER = com.demo.DragabbleViewController;
				PRODUCT_NAME = "$(TARGET_NAME)";
				SWIFT_OBJC_BRIDGING_HEADER = "";
				SWIFT_OPTIMIZATION_LEVEL = "-Onone";
				SWIFT_VERSION = 5.0;
				TARGETED_DEVICE_FAMILY = "1,2";
			};
			name = Debug;
		};
		97A0AF2C23041D7A002E7D64 /* Release */ = {
			isa = XCBuildConfiguration;
			buildSettings = {
				ASSETCATALOG_COMPILER_APPICON_NAME = AppIcon;
				ASSETCATALOG_COMPILER_LAUNCHIMAGE_NAME = LaunchImage;
				CLANG_ENABLE_MODULES = YES;
				CODE_SIGN_STYLE = Automatic;
				DEVELOPMENT_TEAM = 36DYQ3B3G4;
				FRAMEWORK_SEARCH_PATHS = (
					"$(inherited)",
					"$(PROJECT_DIR)/Carthage/Build/iOS",
				);
				INFOPLIST_FILE = DragabbleViewController/Info.plist;
				IPHONEOS_DEPLOYMENT_TARGET = 13.0;
				LD_RUNPATH_SEARCH_PATHS = (
					"$(inherited)",
					"@executable_path/Frameworks",
				);
				PRODUCT_BUNDLE_IDENTIFIER = com.demo.DragabbleViewController;
				PRODUCT_NAME = "$(TARGET_NAME)";
				SWIFT_OBJC_BRIDGING_HEADER = "";
				SWIFT_VERSION = 5.0;
				TARGETED_DEVICE_FAMILY = "1,2";
			};
			name = Release;
		};
/* End XCBuildConfiguration section */

/* Begin XCConfigurationList section */
		97A0AF1323041D79002E7D64 /* Build configuration list for PBXProject "DragabbleViewController" */ = {
			isa = XCConfigurationList;
			buildConfigurations = (
				97A0AF2823041D7A002E7D64 /* Debug */,
				97A0AF2923041D7A002E7D64 /* Release */,
			);
			defaultConfigurationIsVisible = 0;
			defaultConfigurationName = Release;
		};
		97A0AF2A23041D7A002E7D64 /* Build configuration list for PBXNativeTarget "DragabbleViewController" */ = {
			isa = XCConfigurationList;
			buildConfigurations = (
				97A0AF2B23041D7A002E7D64 /* Debug */,
				97A0AF2C23041D7A002E7D64 /* Release */,
			);
			defaultConfigurationIsVisible = 0;
			defaultConfigurationName = Release;
		};
/* End XCConfigurationList section */

/* Begin XCRemoteSwiftPackageReference section */
		F9A66CC827076ADF00A3B26E /* XCRemoteSwiftPackageReference "LNPopupController" */ = {
			isa = XCRemoteSwiftPackageReference;
			repositoryURL = "https://github.com/LeoNatan/LNPopupController";
			requirement = {
				kind = upToNextMajorVersion;
				minimumVersion = 2.12.6;
			};
		};
/* End XCRemoteSwiftPackageReference section */

/* Begin XCSwiftPackageProductDependency section */
		F9A66CC927076ADF00A3B26E /* LNPopupController */ = {
			isa = XCSwiftPackageProductDependency;
			package = F9A66CC827076ADF00A3B26E /* XCRemoteSwiftPackageReference "LNPopupController" */;
			productName = LNPopupController;
		};
/* End XCSwiftPackageProductDependency section */
	};
	rootObject = 97A0AF1023041D79002E7D64 /* Project object */;
}
